
Microsoft Visual Studio Solution File, Format Version 12.00
# Visual Studio Version 17
VisualStudioVersion = 17.8.34316.72
MinimumVisualStudioVersion = 10.0.40219.1
Project("{FAE04EC0-301F-11D3-BF4B-00C04F79EFBC}") = "StaticFilesManager", "StaticFilesManager.csproj", "{4F2CB525-A471-4EF9-8074-C50A452B8D28}"
EndProject
Global
	GlobalSection(SolutionConfigurationPlatforms) = preSolution
		Debug|Any CPU = Debug|Any CPU
		Release|Any CPU = Release|Any CPU
	EndGlobalSection
	GlobalSection(ProjectConfigurationPlatforms) = postSolution
		{4F2CB525-A471-4EF9-8074-C50A452B8D28}.Debug|Any CPU.ActiveCfg = Debug|Any CPU
		{4F2CB525-A471-4EF9-8074-C50A452B8D28}.Debug|Any CPU.Build.0 = Debug|Any CPU
		{4F2CB525-A471-4EF9-8074-C50A452B8D28}.Release|Any CPU.ActiveCfg = Release|Any CPU
		{4F2CB525-A471-4EF9-8074-C50A452B8D28}.Release|Any CPU.Build.0 = Release|Any CPU
	EndGlobalSection
	GlobalSection(SolutionProperties) = preSolution
		HideSolutionNode = FALSE
	EndGlobalSection
	GlobalSection(ExtensibilityGlobals) = postSolution
		SolutionGuid = {D5679654-0AD3-41B2-9A26-57BD969F6BC8}
	EndGlobalSection
EndGlobal
